// !$*UTF8*$!
{
	archiveVersion = 1;
	classes = {
	};
	objectVersion = 46;
	objects = {

/* Begin PBXBuildFile section */
		136D98AF1CCC5A6A00303BE3 /* main.m in Sources */ = {isa = PBXBuildFile; fileRef = 136D98AE1CCC5A6A00303BE3 /* main.m */; };
		136D98B21CCC5A6A00303BE3 /* AppDelegate.m in Sources */ = {isa = PBXBuildFile; fileRef = 136D98B11CCC5A6A00303BE3 /* AppDelegate.m */; };
		136D98B51CCC5A6A00303BE3 /* ViewController.m in Sources */ = {isa = PBXBuildFile; fileRef = 136D98B41CCC5A6A00303BE3 /* ViewController.m */; };
		136D98B81CCC5A6A00303BE3 /* Main.storyboard in Resources */ = {isa = PBXBuildFile; fileRef = 136D98B61CCC5A6A00303BE3 /* Main.storyboard */; };
		136D98BA1CCC5A6A00303BE3 /* Assets.xcassets in Resources */ = {isa = PBXBuildFile; fileRef = 136D98B91CCC5A6A00303BE3 /* Assets.xcassets */; };
		136D98BD1CCC5A6A00303BE3 /* LaunchScreen.storyboard in Resources */ = {isa = PBXBuildFile; fileRef = 136D98BB1CCC5A6A00303BE3 /* LaunchScreen.storyboard */; };
		136D98C81CCC5A6A00303BE3 /* DNOLabelAnimationDemoTests.m in Sources */ = {isa = PBXBuildFile; fileRef = 136D98C71CCC5A6A00303BE3 /* DNOLabelAnimationDemoTests.m */; };
		136D98D51CCC5A9800303BE3 /* DNOLabelAnimation.m in Sources */ = {isa = PBXBuildFile; fileRef = 136D98D41CCC5A9800303BE3 /* DNOLabelAnimation.m */; };
		136D98D81CCC5AB500303BE3 /* DNOSingleText.m in Sources */ = {isa = PBXBuildFile; fileRef = 136D98D71CCC5AB500303BE3 /* DNOSingleText.m */; };
/* End PBXBuildFile section */

/* Begin PBXContainerItemProxy section */
		136D98C41CCC5A6A00303BE3 /* PBXContainerItemProxy */ = {
			isa = PBXContainerItemProxy;
			containerPortal = 136D98A21CCC5A6A00303BE3 /* Project object */;
			proxyType = 1;
			remoteGlobalIDString = 136D98A91CCC5A6A00303BE3;
			remoteInfo = DNOLabelAnimationDemo;
		};
/* End PBXContainerItemProxy section */

/* Begin PBXFileReference section */
		136D98AA1CCC5A6A00303BE3 /* DNOLabelAnimationDemo.app */ = {isa = PBXFileReference; explicitFileType = wrapper.application; includeInIndex = 0; path = DNOLabelAnimationDemo.app; sourceTree = BUILT_PRODUCTS_DIR; };
		136D98AE1CCC5A6A00303BE3 /* main.m */ = {isa = PBXFileReference; lastKnownFileType = sourcecode.c.objc; path = main.m; sourceTree = "<group>"; };
		136D98B01CCC5A6A00303BE3 /* AppDelegate.h */ = {isa = PBXFileReference; lastKnownFileType = sourcecode.c.h; path = AppDelegate.h; sourceTree = "<group>"; };
		136D98B11CCC5A6A00303BE3 /* AppDelegate.m */ = {isa = PBXFileReference; lastKnownFileType = sourcecode.c.objc; path = AppDelegate.m; sourceTree = "<group>"; };
		136D98B31CCC5A6A00303BE3 /* ViewController.h */ = {isa = PBXFileReference; lastKnownFileType = sourcecode.c.h; path = ViewController.h; sourceTree = "<group>"; };
		136D98B41CCC5A6A00303BE3 /* ViewController.m */ = {isa = PBXFileReference; lastKnownFileType = sourcecode.c.objc; path = ViewController.m; sourceTree = "<group>"; };
		136D98B71CCC5A6A00303BE3 /* Base */ = {isa = PBXFileReference; lastKnownFileType = file.storyboard; name = Base; path = Base.lproj/Main.storyboard; sourceTree = "<group>"; };
		136D98B91CCC5A6A00303BE3 /* Assets.xcassets */ = {isa = PBXFileReference; lastKnownFileType = folder.assetcatalog; path = Assets.xcassets; sourceTree = "<group>"; };
		136D98BC1CCC5A6A00303BE3 /* Base */ = {isa = PBXFileReference; lastKnownFileType = file.storyboard; name = Base; path = Base.lproj/LaunchScreen.storyboard; sourceTree = "<group>"; };
		136D98BE1CCC5A6A00303BE3 /* Info.plist */ = {isa = PBXFileReference; lastKnownFileType = text.plist.xml; path = Info.plist; sourceTree = "<group>"; };
		136D98C31CCC5A6A00303BE3 /* DNOLabelAnimationDemoTests.xctest */ = {isa = PBXFileReference; explicitFileType = wrapper.cfbundle; includeInIndex = 0; path = DNOLabelAnimationDemoTests.xctest; sourceTree = BUILT_PRODUCTS_DIR; };
		136D98C71CCC5A6A00303BE3 /* DNOLabelAnimationDemoTests.m */ = {isa = PBXFileReference; lastKnownFileType = sourcecode.c.objc; path = DNOLabelAnimationDemoTests.m; sourceTree = "<group>"; };
		136D98C91CCC5A6A00303BE3 /* Info.plist */ = {isa = PBXFileReference; lastKnownFileType = text.plist.xml; path = Info.plist; sourceTree = "<group>"; };
		136D98D31CCC5A9800303BE3 /* DNOLabelAnimation.h */ = {isa = PBXFileReference; fileEncoding = 4; lastKnownFileType = sourcecode.c.h; path = DNOLabelAnimation.h; sourceTree = "<group>"; };
		136D98D41CCC5A9800303BE3 /* DNOLabelAnimation.m */ = {isa = PBXFileReference; fileEncoding = 4; lastKnownFileType = sourcecode.c.objc; path = DNOLabelAnimation.m; sourceTree = "<group>"; };
		136D98D61CCC5AB500303BE3 /* DNOSingleText.h */ = {isa = PBXFileReference; fileEncoding = 4; lastKnownFileType = sourcecode.c.h; path = DNOSingleText.h; sourceTree = "<group>"; };
		136D98D71CCC5AB500303BE3 /* DNOSingleText.m */ = {isa = PBXFileReference; fileEncoding = 4; lastKnownFileType = sourcecode.c.objc; path = DNOSingleText.m; sourceTree = "<group>"; };
/* End PBXFileReference section */

/* Begin PBXFrameworksBuildPhase section */
		136D98A71CCC5A6A00303BE3 /* Frameworks */ = {
			isa = PBXFrameworksBuildPhase;
			buildActionMask = 2147483647;
			files = (
			);
			runOnlyForDeploymentPostprocessing = 0;
		};
		136D98C01CCC5A6A00303BE3 /* Frameworks */ = {
			isa = PBXFrameworksBuildPhase;
			buildActionMask = 2147483647;
			files = (
			);
			runOnlyForDeploymentPostprocessing = 0;
		};
/* End PBXFrameworksBuildPhase section */

/* Begin PBXGroup section */
		136D98A11CCC5A6A00303BE3 = {
			isa = PBXGroup;
			children = (
				136D98AC1CCC5A6A00303BE3 /* DNOLabelAnimationDemo */,
				136D98C61CCC5A6A00303BE3 /* DNOLabelAnimationDemoTests */,
				136D98AB1CCC5A6A00303BE3 /* Products */,
			);
			sourceTree = "<group>";
		};
		136D98AB1CCC5A6A00303BE3 /* Products */ = {
			isa = PBXGroup;
			children = (
				136D98AA1CCC5A6A00303BE3 /* DNOLabelAnimationDemo.app */,
				136D98C31CCC5A6A00303BE3 /* DNOLabelAnimationDemoTests.xctest */,
			);
			name = Products;
			sourceTree = "<group>";
		};
		136D98AC1CCC5A6A00303BE3 /* DNOLabelAnimationDemo */ = {
			isa = PBXGroup;
			children = (
				136D98D21CCC5A8C00303BE3 /* DNOLabelAnimation */,
				136D98B01CCC5A6A00303BE3 /* AppDelegate.h */,
				136D98B11CCC5A6A00303BE3 /* AppDelegate.m */,
				136D98B31CCC5A6A00303BE3 /* ViewController.h */,
				136D98B41CCC5A6A00303BE3 /* ViewController.m */,
				136D98B61CCC5A6A00303BE3 /* Main.storyboard */,
				136D98B91CCC5A6A00303BE3 /* Assets.xcassets */,
				136D98BB1CCC5A6A00303BE3 /* LaunchScreen.storyboard */,
				136D98BE1CCC5A6A00303BE3 /* Info.plist */,
				136D98AD1CCC5A6A00303BE3 /* Supporting Files */,
			);
			path = DNOLabelAnimationDemo;
			sourceTree = "<group>";
		};
		136D98AD1CCC5A6A00303BE3 /* Supporting Files */ = {
			isa = PBXGroup;
			children = (
				136D98AE1CCC5A6A00303BE3 /* main.m */,
			);
			name = "Supporting Files";
			sourceTree = "<group>";
		};
		136D98C61CCC5A6A00303BE3 /* DNOLabelAnimationDemoTests */ = {
			isa = PBXGroup;
			children = (
				136D98C71CCC5A6A00303BE3 /* DNOLabelAnimationDemoTests.m */,
				136D98C91CCC5A6A00303BE3 /* Info.plist */,
			);
			path = DNOLabelAnimationDemoTests;
			sourceTree = "<group>";
		};
		136D98D21CCC5A8C00303BE3 /* DNOLabelAnimation */ = {
			isa = PBXGroup;
			children = (
				136D98D31CCC5A9800303BE3 /* DNOLabelAnimation.h */,
				136D98D41CCC5A9800303BE3 /* DNOLabelAnimation.m */,
				136D98D61CCC5AB500303BE3 /* DNOSingleText.h */,
				136D98D71CCC5AB500303BE3 /* DNOSingleText.m */,
			);
			name = DNOLabelAnimation;
			path = ../../DNOLabelAnimation;
			sourceTree = "<group>";
		};
/* End PBXGroup section */

/* Begin PBXNativeTarget section */
		136D98A91CCC5A6A00303BE3 /* DNOLabelAnimationDemo */ = {
			isa = PBXNativeTarget;
			buildConfigurationList = 136D98CC1CCC5A6A00303BE3 /* Build configuration list for PBXNativeTarget "DNOLabelAnimationDemo" */;
			buildPhases = (
				136D98A61CCC5A6A00303BE3 /* Sources */,
				136D98A71CCC5A6A00303BE3 /* Frameworks */,
				136D98A81CCC5A6A00303BE3 /* Resources */,
			);
			buildRules = (
			);
			dependencies = (
			);
			name = DNOLabelAnimationDemo;
			productName = DNOLabelAnimationDemo;
			productReference = 136D98AA1CCC5A6A00303BE3 /* DNOLabelAnimationDemo.app */;
			productType = "com.apple.product-type.application";
		};
		136D98C21CCC5A6A00303BE3 /* DNOLabelAnimationDemoTests */ = {
			isa = PBXNativeTarget;
			buildConfigurationList = 136D98CF1CCC5A6A00303BE3 /* Build configuration list for PBXNativeTarget "DNOLabelAnimationDemoTests" */;
			buildPhases = (
				136D98BF1CCC5A6A00303BE3 /* Sources */,
				136D98C01CCC5A6A00303BE3 /* Frameworks */,
				136D98C11CCC5A6A00303BE3 /* Resources */,
			);
			buildRules = (
			);
			dependencies = (
				136D98C51CCC5A6A00303BE3 /* PBXTargetDependency */,
			);
			name = DNOLabelAnimationDemoTests;
			productName = DNOLabelAnimationDemoTests;
			productReference = 136D98C31CCC5A6A00303BE3 /* DNOLabelAnimationDemoTests.xctest */;
			productType = "com.apple.product-type.bundle.unit-test";
		};
/* End PBXNativeTarget section */

/* Begin PBXProject section */
		136D98A21CCC5A6A00303BE3 /* Project object */ = {
			isa = PBXProject;
			attributes = {
				LastUpgradeCheck = 0730;
				ORGANIZATIONNAME = Danyow.Ed;
				TargetAttributes = {
					136D98A91CCC5A6A00303BE3 = {
						CreatedOnToolsVersion = 7.3;
						DevelopmentTeam = 66SENL7J34;
					};
					136D98C21CCC5A6A00303BE3 = {
						CreatedOnToolsVersion = 7.3;
						DevelopmentTeam = 66SENL7J34;
						TestTargetID = 136D98A91CCC5A6A00303BE3;
					};
				};
			};
			buildConfigurationList = 136D98A51CCC5A6A00303BE3 /* Build configuration list for PBXProject "DNOLabelAnimationDemo" */;
			compatibilityVersion = "Xcode 3.2";
			developmentRegion = English;
			hasScannedForEncodings = 0;
			knownRegions = (
				en,
				Base,
			);
			mainGroup = 136D98A11CCC5A6A00303BE3;
			productRefGroup = 136D98AB1CCC5A6A00303BE3 /* Products */;
			projectDirPath = "";
			projectRoot = "";
			targets = (
				136D98A91CCC5A6A00303BE3 /* DNOLabelAnimationDemo */,
				136D98C21CCC5A6A00303BE3 /* DNOLabelAnimationDemoTests */,
			);
		};
/* End PBXProject section */

/* Begin PBXResourcesBuildPhase section */
		136D98A81CCC5A6A00303BE3 /* Resources */ = {
			isa = PBXResourcesBuildPhase;
			buildActionMask = 2147483647;
			files = (
				136D98BD1CCC5A6A00303BE3 /* LaunchScreen.storyboard in Resources */,
				136D98BA1CCC5A6A00303BE3 /* Assets.xcassets in Resources */,
				136D98B81CCC5A6A00303BE3 /* Main.storyboard in Resources */,
			);
			runOnlyForDeploymentPostprocessing = 0;
		};
		136D98C11CCC5A6A00303BE3 /* Resources */ = {
			isa = PBXResourcesBuildPhase;
			buildActionMask = 2147483647;
			files = (
			);
			runOnlyForDeploymentPostprocessing = 0;
		};
/* End PBXResourcesBuildPhase section */

/* Begin PBXSourcesBuildPhase section */
		136D98A61CCC5A6A00303BE3 /* Sources */ = {
			isa = PBXSourcesBuildPhase;
			buildActionMask = 2147483647;
			files = (
				136D98D81CCC5AB500303BE3 /* DNOSingleText.m in Sources */,
				136D98B51CCC5A6A00303BE3 /* ViewController.m in Sources */,
				136D98B21CCC5A6A00303BE3 /* AppDelegate.m in Sources */,
				136D98AF1CCC5A6A00303BE3 /* main.m in Sources */,
				136D98D51CCC5A9800303BE3 /* DNOLabelAnimation.m in Sources */,
			);
			runOnlyForDeploymentPostprocessing = 0;
		};
		136D98BF1CCC5A6A00303BE3 /* Sources */ = {
			isa = PBXSourcesBuildPhase;
			buildActionMask = 2147483647;
			files = (
				136D98C81CCC5A6A00303BE3 /* DNOLabelAnimationDemoTests.m in Sources */,
			);
			runOnlyForDeploymentPostprocessing = 0;
		};
/* End PBXSourcesBuildPhase section */

/* Begin PBXTargetDependency section */
		136D98C51CCC5A6A00303BE3 /* PBXTargetDependency */ = {
			isa = PBXTargetDependency;
			target = 136D98A91CCC5A6A00303BE3 /* DNOLabelAnimationDemo */;
			targetProxy = 136D98C41CCC5A6A00303BE3 /* PBXContainerItemProxy */;
		};
/* End PBXTargetDependency section */

/* Begin PBXVariantGroup section */
		136D98B61CCC5A6A00303BE3 /* Main.storyboard */ = {
			isa = PBXVariantGroup;
			children = (
				136D98B71CCC5A6A00303BE3 /* Base */,
			);
			name = Main.storyboard;
			sourceTree = "<group>";
		};
		136D98BB1CCC5A6A00303BE3 /* LaunchScreen.storyboard */ = {
			isa = PBXVariantGroup;
			children = (
				136D98BC1CCC5A6A00303BE3 /* Base */,
			);
			name = LaunchScreen.storyboard;
			sourceTree = "<group>";
		};
/* End PBXVariantGroup section */

/* Begin XCBuildConfiguration section */
		136D98CA1CCC5A6A00303BE3 /* Debug */ = {
			isa = XCBuildConfiguration;
			buildSettings = {
				ALWAYS_SEARCH_USER_PATHS = NO;
				CLANG_ANALYZER_NONNULL = YES;
				CLANG_CXX_LANGUAGE_STANDARD = "gnu++0x";
				CLANG_CXX_LIBRARY = "libc++";
				CLANG_ENABLE_MODULES = YES;
				CLANG_ENABLE_OBJC_ARC = YES;
				CLANG_WARN_BOOL_CONVERSION = YES;
				CLANG_WARN_CONSTANT_CONVERSION = YES;
				CLANG_WARN_DIRECT_OBJC_ISA_USAGE = YES_ERROR;
				CLANG_WARN_EMPTY_BODY = YES;
				CLANG_WARN_ENUM_CONVERSION = YES;
				CLANG_WARN_INT_CONVERSION = YES;
				CLANG_WARN_OBJC_ROOT_CLASS = YES_ERROR;
				CLANG_WARN_UNREACHABLE_CODE = YES;
				CLANG_WARN__DUPLICATE_METHOD_MATCH = YES;
				"CODE_SIGN_IDENTITY[sdk=iphoneos*]" = "iPhone Developer";
				COPY_PHASE_STRIP = NO;
				DEBUG_INFORMATION_FORMAT = dwarf;
				ENABLE_STRICT_OBJC_MSGSEND = YES;
				ENABLE_TESTABILITY = YES;
				GCC_C_LANGUAGE_STANDARD = gnu99;
				GCC_DYNAMIC_NO_PIC = NO;
				GCC_NO_COMMON_BLOCKS = YES;
				GCC_OPTIMIZATION_LEVEL = 0;
				GCC_PREPROCESSOR_DEFINITIONS = (
					"DEBUG=1",
					"$(inherited)",
				);
				GCC_WARN_64_TO_32_BIT_CONVERSION = YES;
				GCC_WARN_ABOUT_RETURN_TYPE = YES_ERROR;
				GCC_WARN_UNDECLARED_SELECTOR = YES;
				GCC_WARN_UNINITIALIZED_AUTOS = YES_AGGRESSIVE;
				GCC_WARN_UNUSED_FUNCTION = YES;
				GCC_WARN_UNUSED_VARIABLE = YES;
				IPHONEOS_DEPLOYMENT_TARGET = 9.3;
				MTL_ENABLE_DEBUG_INFO = YES;
				ONLY_ACTIVE_ARCH = YES;
				SDKROOT = iphoneos;
			};
			name = Debug;
		};
		136D98CB1CCC5A6A00303BE3 /* Release */ = {
			isa = XCBuildConfiguration;
			buildSettings = {
				ALWAYS_SEARCH_USER_PATHS = NO;
				CLANG_ANALYZER_NONNULL = YES;
				CLANG_CXX_LANGUAGE_STANDARD = "gnu++0x";
				CLANG_CXX_LIBRARY = "libc++";
				CLANG_ENABLE_MODULES = YES;
				CLANG_ENABLE_OBJC_ARC = YES;
				CLANG_WARN_BOOL_CONVERSION = YES;
				CLANG_WARN_CONSTANT_CONVERSION = YES;
				CLANG_WARN_DIRECT_OBJC_ISA_USAGE = YES_ERROR;
				CLANG_WARN_EMPTY_BODY = YES;
				CLANG_WARN_ENUM_CONVERSION = YES;
				CLANG_WARN_INT_CONVERSION = YES;
				CLANG_WARN_OBJC_ROOT_CLASS = YES_ERROR;
				CLANG_WARN_UNREACHABLE_CODE = YES;
				CLANG_WARN__DUPLICATE_METHOD_MATCH = YES;
				"CODE_SIGN_IDENTITY[sdk=iphoneos*]" = "iPhone Developer";
				COPY_PHASE_STRIP = NO;
				DEBUG_INFORMATION_FORMAT = "dwarf-with-dsym";
				ENABLE_NS_ASSERTIONS = NO;
				ENABLE_STRICT_OBJC_MSGSEND = YES;
				GCC_C_LANGUAGE_STANDARD = gnu99;
				GCC_NO_COMMON_BLOCKS = YES;
				GCC_WARN_64_TO_32_BIT_CONVERSION = YES;
				GCC_WARN_ABOUT_RETURN_TYPE = YES_ERROR;
				GCC_WARN_UNDECLARED_SELECTOR = YES;
				GCC_WARN_UNINITIALIZED_AUTOS = YES_AGGRESSIVE;
				GCC_WARN_UNUSED_FUNCTION = YES;
				GCC_WARN_UNUSED_VARIABLE = YES;
				IPHONEOS_DEPLOYMENT_TARGET = 9.3;
				MTL_ENABLE_DEBUG_INFO = NO;
				SDKROOT = iphoneos;
				VALIDATE_PRODUCT = YES;
			};
			name = Release;
		};
		136D98CD1CCC5A6A00303BE3 /* Debug */ = {
			isa = XCBuildConfiguration;
			buildSettings = {
				ASSETCATALOG_COMPILER_APPICON_NAME = AppIcon;
				INFOPLIST_FILE = DNOLabelAnimationDemo/Info.plist;
				LD_RUNPATH_SEARCH_PATHS = "$(inherited) @executable_path/Frameworks";
				PRODUCT_BUNDLE_IDENTIFIER = Danyow.Ed.DNOLabelAnimationDemo;
				PRODUCT_NAME = "$(TARGET_NAME)";
			};
			name = Debug;
		};
		136D98CE1CCC5A6A00303BE3 /* Release */ = {
			isa = XCBuildConfiguration;
			buildSettings = {
				ASSETCATALOG_COMPILER_APPICON_NAME = AppIcon;
				INFOPLIST_FILE = DNOLabelAnimationDemo/Info.plist;
				LD_RUNPATH_SEARCH_PATHS = "$(inherited) @executable_path/Frameworks";
				PRODUCT_BUNDLE_IDENTIFIER = Danyow.Ed.DNOLabelAnimationDemo;
				PRODUCT_NAME = "$(TARGET_NAME)";
			};
			name = Release;
		};
		136D98D01CCC5A6A00303BE3 /* Debug */ = {
			isa = XCBuildConfiguration;
			buildSettings = {
				BUNDLE_LOADER = "$(TEST_HOST)";
				INFOPLIST_FILE = DNOLabelAnimationDemoTests/Info.plist;
				LD_RUNPATH_SEARCH_PATHS = "$(inherited) @executable_path/Frameworks @loader_path/Frameworks";
				PRODUCT_BUNDLE_IDENTIFIER = Danyow.Ed.DNOLabelAnimationDemoTests;
				PRODUCT_NAME = "$(TARGET_NAME)";
				TEST_HOST = "$(BUILT_PRODUCTS_DIR)/DNOLabelAnimationDemo.app/DNOLabelAnimationDemo";
			};
			name = Debug;
		};
		136D98D11CCC5A6A00303BE3 /* Release */ = {
			isa = XCBuildConfiguration;
			buildSettings = {
				BUNDLE_LOADER = "$(TEST_HOST)";
				INFOPLIST_FILE = DNOLabelAnimationDemoTests/Info.plist;
				LD_RUNPATH_SEARCH_PATHS = "$(inherited) @executable_path/Frameworks @loader_path/Frameworks";
				PRODUCT_BUNDLE_IDENTIFIER = Danyow.Ed.DNOLabelAnimationDemoTests;
				PRODUCT_NAME = "$(TARGET_NAME)";
				TEST_HOST = "$(BUILT_PRODUCTS_DIR)/DNOLabelAnimationDemo.app/DNOLabelAnimationDemo";
			};
			name = Release;
		};
/* End XCBuildConfiguration section */

/* Begin XCConfigurationList section */
		136D98A51CCC5A6A00303BE3 /* Build configuration list for PBXProject "DNOLabelAnimationDemo" */ = {
			isa = XCConfigurationList;
			buildConfigurations = (
				136D98CA1CCC5A6A00303BE3 /* Debug */,
				136D98CB1CCC5A6A00303BE3 /* Release */,
			);
			defaultConfigurationIsVisible = 0;
			defaultConfigurationName = Release;
		};
		136D98CC1CCC5A6A00303BE3 /* Build configuration list for PBXNativeTarget "DNOLabelAnimationDemo" */ = {
			isa = XCConfigurationList;
			buildConfigurations = (
				136D98CD1CCC5A6A00303BE3 /* Debug */,
				136D98CE1CCC5A6A00303BE3 /* Release */,
			);
			defaultConfigurationIsVisible = 0;
			defaultConfigurationName = Release;
		};
		136D98CF1CCC5A6A00303BE3 /* Build configuration list for PBXNativeTarget "DNOLabelAnimationDemoTests" */ = {
			isa = XCConfigurationList;
			buildConfigurations = (
				136D98D01CCC5A6A00303BE3 /* Debug */,
				136D98D11CCC5A6A00303BE3 /* Release */,
			);
			defaultConfigurationIsVisible = 0;
			defaultConfigurationName = Release;
		};
/* End XCConfigurationList section */
	};
	rootObject = 136D98A21CCC5A6A00303BE3 /* Project object */;
}
